# THIS IS AN AUTOGENERATED FILE. DO NOT EDIT THIS FILE DIRECTLY.
# yarn lockfile v1


"@types/node@^20.10.5":
  version "20.10.5"
  resolved "https://registry.yarnpkg.com/@types/node/-/node-20.10.5.tgz#47ad460b514096b7ed63a1dae26fad0914ed3ab2"
  integrity sha512-nNPsNE65wjMxEKI93yOP+NPGGBJz/PoN3kZsVLee0XMiJolxSekEVD8wRwBUBqkwc7UWop0edW50yrCQW4CyRw==
  dependencies:
    undici-types "~5.26.4"

commander@^2.20.0:
  version "2.20.3"
  resolved "https://registry.npmjs.org/commander/-/commander-2.20.3.tgz"
  integrity sha512-GpVkmM8vF2vQUkj2LvZmD35JxeJOLCwJ9cUkugyk2nuhbv3+mJvpLYYt+0+USMxE+oj+ey/lJEnhZw75x/OMcQ==

cookiejar@^2.1.1:
  version "2.1.4"
  resolved "https://registry.npmjs.org/cookiejar/-/cookiejar-2.1.4.tgz"
  integrity sha512-LDx6oHrK+PhzLKJU9j5S7/Y3jM/mUHvD/DeI1WQmJn652iPC5Y4TBzC9l+5OMOXlyTTA+SmVUPm0HQUwpD5Jqw==

eth-provider@^0.13.6:
  version "0.13.6"
  resolved "https://registry.npmjs.org/eth-provider/-/eth-provider-0.13.6.tgz"
  integrity sha512-/i0qSQby/rt3CCZrNVlgBdCUYQBwULStFRlBt7+ULNVpwbsYWl9VWXFaQxsbJLOo0x7swRS3OknIdlxlunsGJw==
  dependencies:
    ethereum-provider "0.7.7"
    events "3.3.0"
    oboe "2.1.5"
    uuid "9.0.0"
    ws "8.9.0"
    xhr2-cookies "1.1.0"

ethereum-provider@0.7.7:
  version "0.7.7"
  resolved "https://registry.npmjs.org/ethereum-provider/-/ethereum-provider-0.7.7.tgz"
  integrity sha512-ulbjKgu1p2IqtZqNTNfzXysvFJrMR3oTmWEEX3DnoEae7WLd4MkY4u82kvXhxA2C171rK8IVlcodENX7TXvHTA==
  dependencies:
    events "3.3.0"

events@3.3.0:
  version "3.3.0"
  resolved "https://registry.npmjs.org/events/-/events-3.3.0.tgz"
  integrity sha512-mQw+2fkQbALzQ7V0MY0IqdnXNOeTtP4r0lN9z7AAawCXgqea7bDii20AYrIBrFd/Hx0M2Ocz6S111CaFkUcb0Q==

executioner@^2.0.1:
  version "2.0.1"
  resolved "https://registry.npmjs.org/executioner/-/executioner-2.0.1.tgz"
  integrity sha512-idZAlKsxEZASjaIqP4PQ1txyS1bOcDwWCHy/8p5oMmLGV0XNCQPD6WWAOwJCUVsWItWzAN2BEash5N78PliaIw==
  dependencies:
    mixly "^1.0.0"

fulcon@^1.0.1:
  version "1.0.2"
  resolved "https://registry.npmjs.org/fulcon/-/fulcon-1.0.2.tgz"
  integrity sha512-vYwUBqbdo9XK0NmN7cFmURmy2T1YHpEsTCbxGO3aErxx6a0Z/HkWXcqcPkk7yOuJ74mSAHGWGBSBBd6v3GKebA==

http-https@^1.0.0:
  version "1.0.0"
  resolved "https://registry.npmjs.org/http-https/-/http-https-1.0.0.tgz"
  integrity sha512-o0PWwVCSp3O0wS6FvNr6xfBCHgt0m1tvPLFOCc2iFDKTRAXhB7m8klDf7ErowFH8POa6dVdGatKU5I1YYwzUyg==

install-peers-cli@^2.2.0:
  version "2.2.0"
  resolved "https://registry.npmjs.org/install-peers-cli/-/install-peers-cli-2.2.0.tgz"
  integrity sha512-scSNvF49HDOLNm2xLFwST23g/OvfsceiA087bcGBgZP/ZNCrvpSaCn5IrWNZ2XYmFFykXF/6J1Zgm+D/JgRgtA==
  dependencies:
    commander "^2.20.0"
    executioner "^2.0.1"

mixly@^1.0.0:
  version "1.0.0"
  resolved "https://registry.npmjs.org/mixly/-/mixly-1.0.0.tgz"
  integrity sha512-ks+xIMVeIDwuYK4LnOMXTfmiEI8oo3tFNFirpHd60C4r2H0wMwKN5/qHCrFBKFK+BYx2Gp7qs+evUJw7QO9D2w==
  dependencies:
    fulcon "^1.0.1"

oboe@2.1.5:
  version "2.1.5"
  resolved "https://registry.npmjs.org/oboe/-/oboe-2.1.5.tgz"
  integrity sha512-zRFWiF+FoicxEs3jNI/WYUrVEgA7DeET/InK0XQuudGHRg8iIob3cNPrJTKaz4004uaA9Pbe+Dwa8iluhjLZWA==
  dependencies:
    http-https "^1.0.0"

typescript@^5.3.3:
  version "5.3.3"
  resolved "https://registry.npmjs.org/typescript/-/typescript-5.3.3.tgz"
  integrity sha512-pXWcraxM0uxAS+tN0AG/BF2TyqmHO014Z070UsJ+pFvYuRSq8KH8DmWpnbXe0pEPDHXZV3FcAbJkijJ5oNEnWw==

undici-types@~5.26.4:
  version "5.26.5"
  resolved "https://registry.npmjs.org/undici-types/-/undici-types-5.26.5.tgz"
  integrity sha512-JlCMO+ehdEIKqlFxk6IfVoAUVmgz7cU7zD/h9XZ0qzeosSHmUJVOzSQvvYSYWXkFXC+IfLKSIffhv0sVZup6pA==

uuid@9.0.0:
  version "9.0.0"
  resolved "https://registry.npmjs.org/uuid/-/uuid-9.0.0.tgz"
  integrity sha512-MXcSTerfPa4uqyzStbRoTgt5XIe3x5+42+q1sDuy3R5MDk66URdLMOZe5aPX/SQd+kuYAh0FdP/pO28IkQyTeg==

ws@8.9.0:
  version "8.9.0"
  resolved "https://registry.npmjs.org/ws/-/ws-8.9.0.tgz"
  integrity sha512-Ja7nszREasGaYUYCI2k4lCKIRTt+y7XuqVoHR44YpI49TtryyqbqvDMn5eqfW7e6HzTukDRIsXqzVHScqRcafg==

xhr2-cookies@1.1.0:
  version "1.1.0"
  resolved "https://registry.npmjs.org/xhr2-cookies/-/xhr2-cookies-1.1.0.tgz"
  integrity sha512-hjXUA6q+jl/bd8ADHcVfFsSPIf+tyLIjuO9TwJC9WI6JP2zKcS7C+p56I9kCLLsaCiNT035iYvEUUzdEFj/8+g==
  dependencies:
    cookiejar "^2.1.1"
